
Microsoft Visual Studio Solution File, Format Version 12.00
# Visual Studio Version 16
VisualStudioVersion = 16.0.29519.87
MinimumVisualStudioVersion = 10.0.40219.1
Project("{FAE04EC0-301F-11D3-BF4B-00C04F79EFBC}") = "snake", "snake\snake.csproj", "{C6967DAD-7C43-4229-A9E3-93A6D418824B}"
EndProject
Global
	GlobalSection(SolutionConfigurationPlatforms) = preSolution
		Debug|Any CPU = Debug|Any CPU
		Release|Any CPU = Release|Any CPU
	EndGlobalSection
	GlobalSection(ProjectConfigurationPlatforms) = postSolution
		{C6967DAD-7C43-4229-A9E3-93A6D418824B}.Debug|Any CPU.ActiveCfg = Debug|Any CPU
		{C6967DAD-7C43-4229-A9E3-93A6D418824B}.Debug|Any CPU.Build.0 = Debug|Any CPU
		{C6967DAD-7C43-4229-A9E3-93A6D418824B}.Release|Any CPU.ActiveCfg = Release|Any CPU
		{C6967DAD-7C43-4229-A9E3-93A6D418824B}.Release|Any CPU.Build.0 = Release|Any CPU
	EndGlobalSection
	GlobalSection(SolutionProperties) = preSolution
		HideSolutionNode = FALSE
	EndGlobalSection
	GlobalSection(ExtensibilityGlobals) = postSolution
		SolutionGuid = {FDBD0598-C5BD-4795-A2DC-BBA1A9D6F2CC}
	EndGlobalSection
EndGlobal
